// !$*UTF8*$!
{
	archiveVersion = 1;
	classes = {
	};
	objectVersion = 46;
	objects = {

/* Begin PBXBuildFile section */
		2E240A451D001919004BC3D0 /* Config.swift in Sources */ = {isa = PBXBuildFile; fileRef = 2E240A441D001919004BC3D0 /* Config.swift */; };
		2EA80F211D38D0B700BFC968 /* StudentDetailController.swift in Sources */ = {isa = PBXBuildFile; fileRef = 2EA80F201D38D0B700BFC968 /* StudentDetailController.swift */; };
		2EE180131CF2EFF700D6EB19 /* AppDelegate.swift in Sources */ = {isa = PBXBuildFile; fileRef = 2EE180121CF2EFF700D6EB19 /* AppDelegate.swift */; };
		2EE180151CF2EFF700D6EB19 /* MapViewController.swift in Sources */ = {isa = PBXBuildFile; fileRef = 2EE180141CF2EFF700D6EB19 /* MapViewController.swift */; };
		2EE180171CF2EFF700D6EB19 /* ListViewController.swift in Sources */ = {isa = PBXBuildFile; fileRef = 2EE180161CF2EFF700D6EB19 /* ListViewController.swift */; };
		2EE1801A1CF2EFF700D6EB19 /* Main.storyboard in Resources */ = {isa = PBXBuildFile; fileRef = 2EE180181CF2EFF700D6EB19 /* Main.storyboard */; };
		2EE1801C1CF2EFF700D6EB19 /* Assets.xcassets in Resources */ = {isa = PBXBuildFile; fileRef = 2EE1801B1CF2EFF700D6EB19 /* Assets.xcassets */; };
		2EE1801F1CF2EFF700D6EB19 /* LaunchScreen.storyboard in Resources */ = {isa = PBXBuildFile; fileRef = 2EE1801D1CF2EFF700D6EB19 /* LaunchScreen.storyboard */; };
		2EE1802A1CF2EFF700D6EB19 /* On_The_MapTests.swift in Sources */ = {isa = PBXBuildFile; fileRef = 2EE180291CF2EFF700D6EB19 /* On_The_MapTests.swift */; };
		2EE180351CF2EFF700D6EB19 /* On_The_MapUITests.swift in Sources */ = {isa = PBXBuildFile; fileRef = 2EE180341CF2EFF700D6EB19 /* On_The_MapUITests.swift */; };
		2EE180461CF31B1000D6EB19 /* LocationViewController.swift in Sources */ = {isa = PBXBuildFile; fileRef = 2EE180451CF31B1000D6EB19 /* LocationViewController.swift */; };
		2EE180481CF31CF100D6EB19 /* Constants.swift in Sources */ = {isa = PBXBuildFile; fileRef = 2EE180471CF31CF100D6EB19 /* Constants.swift */; };
		2EE1804A1CF31E2F00D6EB19 /* Client.swift in Sources */ = {isa = PBXBuildFile; fileRef = 2EE180491CF31E2F00D6EB19 /* Client.swift */; };
		2EE1804C1CF326D000D6EB19 /* Convenience.swift in Sources */ = {isa = PBXBuildFile; fileRef = 2EE1804B1CF326D000D6EB19 /* Convenience.swift */; };
		2EE1804E1CF32A0400D6EB19 /* StudentLocation.swift in Sources */ = {isa = PBXBuildFile; fileRef = 2EE1804D1CF32A0400D6EB19 /* StudentLocation.swift */; };
		2EE180531CF5B1CB00D6EB19 /* BlackBox.swift in Sources */ = {isa = PBXBuildFile; fileRef = 2EE180521CF5B1CB00D6EB19 /* BlackBox.swift */; };
		2EE180551CFD81CE00D6EB19 /* LoginViewController.swift in Sources */ = {isa = PBXBuildFile; fileRef = 2EE180541CFD81CE00D6EB19 /* LoginViewController.swift */; };
/* End PBXBuildFile section */

/* Begin PBXContainerItemProxy section */
		2EE180261CF2EFF700D6EB19 /* PBXContainerItemProxy */ = {
			isa = PBXContainerItemProxy;
			containerPortal = 2EE180071CF2EFF700D6EB19 /* Project object */;
			proxyType = 1;
			remoteGlobalIDString = 2EE1800E1CF2EFF700D6EB19;
			remoteInfo = "On The Map";
		};
		2EE180311CF2EFF700D6EB19 /* PBXContainerItemProxy */ = {
			isa = PBXContainerItemProxy;
			containerPortal = 2EE180071CF2EFF700D6EB19 /* Project object */;
			proxyType = 1;
			remoteGlobalIDString = 2EE1800E1CF2EFF700D6EB19;
			remoteInfo = "On The Map";
		};
/* End PBXContainerItemProxy section */

/* Begin PBXFileReference section */
		2E240A441D001919004BC3D0 /* Config.swift */ = {isa = PBXFileReference; fileEncoding = 4; lastKnownFileType = sourcecode.swift; path = Config.swift; sourceTree = "<group>"; };
		2EA80F201D38D0B700BFC968 /* StudentDetailController.swift */ = {isa = PBXFileReference; fileEncoding = 4; lastKnownFileType = sourcecode.swift; path = StudentDetailController.swift; sourceTree = "<group>"; };
		2EE1800F1CF2EFF700D6EB19 /* On The Map.app */ = {isa = PBXFileReference; explicitFileType = wrapper.application; includeInIndex = 0; path = "On The Map.app"; sourceTree = BUILT_PRODUCTS_DIR; };
		2EE180121CF2EFF700D6EB19 /* AppDelegate.swift */ = {isa = PBXFileReference; lastKnownFileType = sourcecode.swift; path = AppDelegate.swift; sourceTree = "<group>"; };
		2EE180141CF2EFF700D6EB19 /* MapViewController.swift */ = {isa = PBXFileReference; lastKnownFileType = sourcecode.swift; path = MapViewController.swift; sourceTree = "<group>"; };
		2EE180161CF2EFF700D6EB19 /* ListViewController.swift */ = {isa = PBXFileReference; lastKnownFileType = sourcecode.swift; path = ListViewController.swift; sourceTree = "<group>"; };
		2EE180191CF2EFF700D6EB19 /* Base */ = {isa = PBXFileReference; lastKnownFileType = file.storyboard; name = Base; path = Base.lproj/Main.storyboard; sourceTree = "<group>"; };
		2EE1801B1CF2EFF700D6EB19 /* Assets.xcassets */ = {isa = PBXFileReference; lastKnownFileType = folder.assetcatalog; path = Assets.xcassets; sourceTree = "<group>"; };
		2EE1801E1CF2EFF700D6EB19 /* Base */ = {isa = PBXFileReference; lastKnownFileType = file.storyboard; name = Base; path = Base.lproj/LaunchScreen.storyboard; sourceTree = "<group>"; };
		2EE180201CF2EFF700D6EB19 /* Info.plist */ = {isa = PBXFileReference; lastKnownFileType = text.plist.xml; path = Info.plist; sourceTree = "<group>"; };
		2EE180251CF2EFF700D6EB19 /* On The MapTests.xctest */ = {isa = PBXFileReference; explicitFileType = wrapper.cfbundle; includeInIndex = 0; path = "On The MapTests.xctest"; sourceTree = BUILT_PRODUCTS_DIR; };
		2EE180291CF2EFF700D6EB19 /* On_The_MapTests.swift */ = {isa = PBXFileReference; lastKnownFileType = sourcecode.swift; path = On_The_MapTests.swift; sourceTree = "<group>"; };
		2EE1802B1CF2EFF700D6EB19 /* Info.plist */ = {isa = PBXFileReference; lastKnownFileType = text.plist.xml; path = Info.plist; sourceTree = "<group>"; };
		2EE180301CF2EFF700D6EB19 /* On The MapUITests.xctest */ = {isa = PBXFileReference; explicitFileType = wrapper.cfbundle; includeInIndex = 0; path = "On The MapUITests.xctest"; sourceTree = BUILT_PRODUCTS_DIR; };
		2EE180341CF2EFF700D6EB19 /* On_The_MapUITests.swift */ = {isa = PBXFileReference; lastKnownFileType = sourcecode.swift; path = On_The_MapUITests.swift; sourceTree = "<group>"; };
		2EE180361CF2EFF700D6EB19 /* Info.plist */ = {isa = PBXFileReference; lastKnownFileType = text.plist.xml; path = Info.plist; sourceTree = "<group>"; };
		2EE180451CF31B1000D6EB19 /* LocationViewController.swift */ = {isa = PBXFileReference; fileEncoding = 4; lastKnownFileType = sourcecode.swift; path = LocationViewController.swift; sourceTree = "<group>"; };
		2EE180471CF31CF100D6EB19 /* Constants.swift */ = {isa = PBXFileReference; fileEncoding = 4; lastKnownFileType = sourcecode.swift; path = Constants.swift; sourceTree = "<group>"; };
		2EE180491CF31E2F00D6EB19 /* Client.swift */ = {isa = PBXFileReference; fileEncoding = 4; lastKnownFileType = sourcecode.swift; path = Client.swift; sourceTree = "<group>"; };
		2EE1804B1CF326D000D6EB19 /* Convenience.swift */ = {isa = PBXFileReference; fileEncoding = 4; lastKnownFileType = sourcecode.swift; path = Convenience.swift; sourceTree = "<group>"; };
		2EE1804D1CF32A0400D6EB19 /* StudentLocation.swift */ = {isa = PBXFileReference; fileEncoding = 4; lastKnownFileType = sourcecode.swift; path = StudentLocation.swift; sourceTree = "<group>"; };
		2EE180521CF5B1CB00D6EB19 /* BlackBox.swift */ = {isa = PBXFileReference; fileEncoding = 4; lastKnownFileType = sourcecode.swift; path = BlackBox.swift; sourceTree = "<group>"; };
		2EE180541CFD81CE00D6EB19 /* LoginViewController.swift */ = {isa = PBXFileReference; fileEncoding = 4; lastKnownFileType = sourcecode.swift; path = LoginViewController.swift; sourceTree = "<group>"; };
/* End PBXFileReference section */

/* Begin PBXFrameworksBuildPhase section */
		2EE1800C1CF2EFF700D6EB19 /* Frameworks */ = {
			isa = PBXFrameworksBuildPhase;
			buildActionMask = 2147483647;
			files = (
			);
			runOnlyForDeploymentPostprocessing = 0;
		};
		2EE180221CF2EFF700D6EB19 /* Frameworks */ = {
			isa = PBXFrameworksBuildPhase;
			buildActionMask = 2147483647;
			files = (
			);
			runOnlyForDeploymentPostprocessing = 0;
		};
		2EE1802D1CF2EFF700D6EB19 /* Frameworks */ = {
			isa = PBXFrameworksBuildPhase;
			buildActionMask = 2147483647;
			files = (
			);
			runOnlyForDeploymentPostprocessing = 0;
		};
/* End PBXFrameworksBuildPhase section */

/* Begin PBXGroup section */
		2EE180061CF2EFF700D6EB19 = {
			isa = PBXGroup;
			children = (
				2EE180111CF2EFF700D6EB19 /* On The Map */,
				2EE180281CF2EFF700D6EB19 /* On The MapTests */,
				2EE180331CF2EFF700D6EB19 /* On The MapUITests */,
				2EE180101CF2EFF700D6EB19 /* Products */,
			);
			sourceTree = "<group>";
		};
		2EE180101CF2EFF700D6EB19 /* Products */ = {
			isa = PBXGroup;
			children = (
				2EE1800F1CF2EFF700D6EB19 /* On The Map.app */,
				2EE180251CF2EFF700D6EB19 /* On The MapTests.xctest */,
				2EE180301CF2EFF700D6EB19 /* On The MapUITests.xctest */,
			);
			name = Products;
			sourceTree = "<group>";
		};
		2EE180111CF2EFF700D6EB19 /* On The Map */ = {
			isa = PBXGroup;
			children = (
				2EE180441CF30A7000D6EB19 /* Control */,
				2EE180431CF30A6500D6EB19 /* Model */,
				2EE180121CF2EFF700D6EB19 /* AppDelegate.swift */,
				2EE180421CF30A5200D6EB19 /* View */,
				2EE180181CF2EFF700D6EB19 /* Main.storyboard */,
				2EE1801B1CF2EFF700D6EB19 /* Assets.xcassets */,
				2EE1801D1CF2EFF700D6EB19 /* LaunchScreen.storyboard */,
				2EE180201CF2EFF700D6EB19 /* Info.plist */,
			);
			path = "On The Map";
			sourceTree = "<group>";
		};
		2EE180281CF2EFF700D6EB19 /* On The MapTests */ = {
			isa = PBXGroup;
			children = (
				2EE180291CF2EFF700D6EB19 /* On_The_MapTests.swift */,
				2EE1802B1CF2EFF700D6EB19 /* Info.plist */,
			);
			path = "On The MapTests";
			sourceTree = "<group>";
		};
		2EE180331CF2EFF700D6EB19 /* On The MapUITests */ = {
			isa = PBXGroup;
			children = (
				2EE180341CF2EFF700D6EB19 /* On_The_MapUITests.swift */,
				2EE180361CF2EFF700D6EB19 /* Info.plist */,
			);
			path = "On The MapUITests";
			sourceTree = "<group>";
		};
		2EE180421CF30A5200D6EB19 /* View */ = {
			isa = PBXGroup;
			children = (
				2EE180541CFD81CE00D6EB19 /* LoginViewController.swift */,
				2EE180141CF2EFF700D6EB19 /* MapViewController.swift */,
				2EE180161CF2EFF700D6EB19 /* ListViewController.swift */,
				2EE180451CF31B1000D6EB19 /* LocationViewController.swift */,
				2EA80F201D38D0B700BFC968 /* StudentDetailController.swift */,
			);
			name = View;
			sourceTree = "<group>";
		};
		2EE180431CF30A6500D6EB19 /* Model */ = {
			isa = PBXGroup;
			children = (
				2EE180491CF31E2F00D6EB19 /* Client.swift */,
				2EE180471CF31CF100D6EB19 /* Constants.swift */,
				2EE1804B1CF326D000D6EB19 /* Convenience.swift */,
				2EE1804D1CF32A0400D6EB19 /* StudentLocation.swift */,
				2EE180521CF5B1CB00D6EB19 /* BlackBox.swift */,
				2E240A441D001919004BC3D0 /* Config.swift */,
			);
			name = Model;
			sourceTree = "<group>";
		};
		2EE180441CF30A7000D6EB19 /* Control */ = {
			isa = PBXGroup;
			children = (
			);
			name = Control;
			sourceTree = "<group>";
		};
/* End PBXGroup section */

/* Begin PBXNativeTarget section */
		2EE1800E1CF2EFF700D6EB19 /* On The Map */ = {
			isa = PBXNativeTarget;
			buildConfigurationList = 2EE180391CF2EFF700D6EB19 /* Build configuration list for PBXNativeTarget "On The Map" */;
			buildPhases = (
				2EE1800B1CF2EFF700D6EB19 /* Sources */,
				2EE1800C1CF2EFF700D6EB19 /* Frameworks */,
				2EE1800D1CF2EFF700D6EB19 /* Resources */,
			);
			buildRules = (
			);
			dependencies = (
			);
			name = "On The Map";
			productName = "On The Map";
			productReference = 2EE1800F1CF2EFF700D6EB19 /* On The Map.app */;
			productType = "com.apple.product-type.application";
		};
		2EE180241CF2EFF700D6EB19 /* On The MapTests */ = {
			isa = PBXNativeTarget;
			buildConfigurationList = 2EE1803C1CF2EFF700D6EB19 /* Build configuration list for PBXNativeTarget "On The MapTests" */;
			buildPhases = (
				2EE180211CF2EFF700D6EB19 /* Sources */,
				2EE180221CF2EFF700D6EB19 /* Frameworks */,
				2EE180231CF2EFF700D6EB19 /* Resources */,
			);
			buildRules = (
			);
			dependencies = (
				2EE180271CF2EFF700D6EB19 /* PBXTargetDependency */,
			);
			name = "On The MapTests";
			productName = "On The MapTests";
			productReference = 2EE180251CF2EFF700D6EB19 /* On The MapTests.xctest */;
			productType = "com.apple.product-type.bundle.unit-test";
		};
		2EE1802F1CF2EFF700D6EB19 /* On The MapUITests */ = {
			isa = PBXNativeTarget;
			buildConfigurationList = 2EE1803F1CF2EFF700D6EB19 /* Build configuration list for PBXNativeTarget "On The MapUITests" */;
			buildPhases = (
				2EE1802C1CF2EFF700D6EB19 /* Sources */,
				2EE1802D1CF2EFF700D6EB19 /* Frameworks */,
				2EE1802E1CF2EFF700D6EB19 /* Resources */,
			);
			buildRules = (
			);
			dependencies = (
				2EE180321CF2EFF700D6EB19 /* PBXTargetDependency */,
			);
			name = "On The MapUITests";
			productName = "On The MapUITests";
			productReference = 2EE180301CF2EFF700D6EB19 /* On The MapUITests.xctest */;
			productType = "com.apple.product-type.bundle.ui-testing";
		};
/* End PBXNativeTarget section */

/* Begin PBXProject section */
		2EE180071CF2EFF700D6EB19 /* Project object */ = {
			isa = PBXProject;
			attributes = {
				LastSwiftUpdateCheck = 0720;
				LastUpgradeCheck = 0720;
				ORGANIZATIONNAME = "Michael Nienaber";
				TargetAttributes = {
					2EE1800E1CF2EFF700D6EB19 = {
						CreatedOnToolsVersion = 7.2;
					};
					2EE180241CF2EFF700D6EB19 = {
						CreatedOnToolsVersion = 7.2;
						TestTargetID = 2EE1800E1CF2EFF700D6EB19;
					};
					2EE1802F1CF2EFF700D6EB19 = {
						CreatedOnToolsVersion = 7.2;
						TestTargetID = 2EE1800E1CF2EFF700D6EB19;
					};
				};
			};
			buildConfigurationList = 2EE1800A1CF2EFF700D6EB19 /* Build configuration list for PBXProject "On The Map" */;
			compatibilityVersion = "Xcode 3.2";
			developmentRegion = English;
			hasScannedForEncodings = 0;
			knownRegions = (
				en,
				Base,
			);
			mainGroup = 2EE180061CF2EFF700D6EB19;
			productRefGroup = 2EE180101CF2EFF700D6EB19 /* Products */;
			projectDirPath = "";
			projectRoot = "";
			targets = (
				2EE1800E1CF2EFF700D6EB19 /* On The Map */,
				2EE180241CF2EFF700D6EB19 /* On The MapTests */,
				2EE1802F1CF2EFF700D6EB19 /* On The MapUITests */,
			);
		};
/* End PBXProject section */

/* Begin PBXResourcesBuildPhase section */
		2EE1800D1CF2EFF700D6EB19 /* Resources */ = {
			isa = PBXResourcesBuildPhase;
			buildActionMask = 2147483647;
			files = (
				2EE1801F1CF2EFF700D6EB19 /* LaunchScreen.storyboard in Resources */,
				2EE1801C1CF2EFF700D6EB19 /* Assets.xcassets in Resources */,
				2EE1801A1CF2EFF700D6EB19 /* Main.storyboard in Resources */,
			);
			runOnlyForDeploymentPostprocessing = 0;
		};
		2EE180231CF2EFF700D6EB19 /* Resources */ = {
			isa = PBXResourcesBuildPhase;
			buildActionMask = 2147483647;
			files = (
			);
			runOnlyForDeploymentPostprocessing = 0;
		};
		2EE1802E1CF2EFF700D6EB19 /* Resources */ = {
			isa = PBXResourcesBuildPhase;
			buildActionMask = 2147483647;
			files = (
			);
			runOnlyForDeploymentPostprocessing = 0;
		};
/* End PBXResourcesBuildPhase section */

/* Begin PBXSourcesBuildPhase section */
		2EE1800B1CF2EFF700D6EB19 /* Sources */ = {
			isa = PBXSourcesBuildPhase;
			buildActionMask = 2147483647;
			files = (
				2EE1804E1CF32A0400D6EB19 /* StudentLocation.swift in Sources */,
				2EE180481CF31CF100D6EB19 /* Constants.swift in Sources */,
				2EE180171CF2EFF700D6EB19 /* ListViewController.swift in Sources */,
				2EE1804A1CF31E2F00D6EB19 /* Client.swift in Sources */,
				2E240A451D001919004BC3D0 /* Config.swift in Sources */,
				2EE1804C1CF326D000D6EB19 /* Convenience.swift in Sources */,
				2EA80F211D38D0B700BFC968 /* StudentDetailController.swift in Sources */,
				2EE180531CF5B1CB00D6EB19 /* BlackBox.swift in Sources */,
				2EE180131CF2EFF700D6EB19 /* AppDelegate.swift in Sources */,
				2EE180151CF2EFF700D6EB19 /* MapViewController.swift in Sources */,
				2EE180551CFD81CE00D6EB19 /* LoginViewController.swift in Sources */,
				2EE180461CF31B1000D6EB19 /* LocationViewController.swift in Sources */,
			);
			runOnlyForDeploymentPostprocessing = 0;
		};
		2EE180211CF2EFF700D6EB19 /* Sources */ = {
			isa = PBXSourcesBuildPhase;
			buildActionMask = 2147483647;
			files = (
				2EE1802A1CF2EFF700D6EB19 /* On_The_MapTests.swift in Sources */,
			);
			runOnlyForDeploymentPostprocessing = 0;
		};
		2EE1802C1CF2EFF700D6EB19 /* Sources */ = {
			isa = PBXSourcesBuildPhase;
			buildActionMask = 2147483647;
			files = (
				2EE180351CF2EFF700D6EB19 /* On_The_MapUITests.swift in Sources */,
			);
			runOnlyForDeploymentPostprocessing = 0;
		};
/* End PBXSourcesBuildPhase section */

/* Begin PBXTargetDependency section */
		2EE180271CF2EFF700D6EB19 /* PBXTargetDependency */ = {
			isa = PBXTargetDependency;
			target = 2EE1800E1CF2EFF700D6EB19 /* On The Map */;
			targetProxy = 2EE180261CF2EFF700D6EB19 /* PBXContainerItemProxy */;
		};
		2EE180321CF2EFF700D6EB19 /* PBXTargetDependency */ = {
			isa = PBXTargetDependency;
			target = 2EE1800E1CF2EFF700D6EB19 /* On The Map */;
			targetProxy = 2EE180311CF2EFF700D6EB19 /* PBXContainerItemProxy */;
		};
/* End PBXTargetDependency section */

/* Begin PBXVariantGroup section */
		2EE180181CF2EFF700D6EB19 /* Main.storyboard */ = {
			isa = PBXVariantGroup;
			children = (
				2EE180191CF2EFF700D6EB19 /* Base */,
			);
			name = Main.storyboard;
			sourceTree = "<group>";
		};
		2EE1801D1CF2EFF700D6EB19 /* LaunchScreen.storyboard */ = {
			isa = PBXVariantGroup;
			children = (
				2EE1801E1CF2EFF700D6EB19 /* Base */,
			);
			name = LaunchScreen.storyboard;
			sourceTree = "<group>";
		};
/* End PBXVariantGroup section */

/* Begin XCBuildConfiguration section */
		2EE180371CF2EFF700D6EB19 /* Debug */ = {
			isa = XCBuildConfiguration;
			buildSettings = {
				ALWAYS_SEARCH_USER_PATHS = NO;
				CLANG_CXX_LANGUAGE_STANDARD = "gnu++0x";
				CLANG_CXX_LIBRARY = "libc++";
				CLANG_ENABLE_MODULES = YES;
				CLANG_ENABLE_OBJC_ARC = YES;
				CLANG_WARN_BOOL_CONVERSION = YES;
				CLANG_WARN_CONSTANT_CONVERSION = YES;
				CLANG_WARN_DIRECT_OBJC_ISA_USAGE = YES_ERROR;
				CLANG_WARN_EMPTY_BODY = YES;
				CLANG_WARN_ENUM_CONVERSION = YES;
				CLANG_WARN_INT_CONVERSION = YES;
				CLANG_WARN_OBJC_ROOT_CLASS = YES_ERROR;
				CLANG_WARN_UNREACHABLE_CODE = YES;
				CLANG_WARN__DUPLICATE_METHOD_MATCH = YES;
				"CODE_SIGN_IDENTITY[sdk=iphoneos*]" = "iPhone Developer";
				COPY_PHASE_STRIP = NO;
				DEBUG_INFORMATION_FORMAT = dwarf;
				ENABLE_STRICT_OBJC_MSGSEND = YES;
				ENABLE_TESTABILITY = YES;
				GCC_C_LANGUAGE_STANDARD = gnu99;
				GCC_DYNAMIC_NO_PIC = NO;
				GCC_NO_COMMON_BLOCKS = YES;
				GCC_OPTIMIZATION_LEVEL = 0;
				GCC_PREPROCESSOR_DEFINITIONS = (
					"DEBUG=1",
					"$(inherited)",
				);
				GCC_WARN_64_TO_32_BIT_CONVERSION = YES;
				GCC_WARN_ABOUT_RETURN_TYPE = YES_ERROR;
				GCC_WARN_UNDECLARED_SELECTOR = YES;
				GCC_WARN_UNINITIALIZED_AUTOS = YES_AGGRESSIVE;
				GCC_WARN_UNUSED_FUNCTION = YES;
				GCC_WARN_UNUSED_VARIABLE = YES;
				IPHONEOS_DEPLOYMENT_TARGET = 9.2;
				MTL_ENABLE_DEBUG_INFO = YES;
				ONLY_ACTIVE_ARCH = YES;
				SDKROOT = iphoneos;
				SWIFT_OPTIMIZATION_LEVEL = "-Onone";
			};
			name = Debug;
		};
		2EE180381CF2EFF700D6EB19 /* Release */ = {
			isa = XCBuildConfiguration;
			buildSettings = {
				ALWAYS_SEARCH_USER_PATHS = NO;
				CLANG_CXX_LANGUAGE_STANDARD = "gnu++0x";
				CLANG_CXX_LIBRARY = "libc++";
				CLANG_ENABLE_MODULES = YES;
				CLANG_ENABLE_OBJC_ARC = YES;
				CLANG_WARN_BOOL_CONVERSION = YES;
				CLANG_WARN_CONSTANT_CONVERSION = YES;
				CLANG_WARN_DIRECT_OBJC_ISA_USAGE = YES_ERROR;
				CLANG_WARN_EMPTY_BODY = YES;
				CLANG_WARN_ENUM_CONVERSION = YES;
				CLANG_WARN_INT_CONVERSION = YES;
				CLANG_WARN_OBJC_ROOT_CLASS = YES_ERROR;
				CLANG_WARN_UNREACHABLE_CODE = YES;
				CLANG_WARN__DUPLICATE_METHOD_MATCH = YES;
				"CODE_SIGN_IDENTITY[sdk=iphoneos*]" = "iPhone Developer";
				COPY_PHASE_STRIP = NO;
				DEBUG_INFORMATION_FORMAT = "dwarf-with-dsym";
				ENABLE_NS_ASSERTIONS = NO;
				ENABLE_STRICT_OBJC_MSGSEND = YES;
				GCC_C_LANGUAGE_STANDARD = gnu99;
				GCC_NO_COMMON_BLOCKS = YES;
				GCC_WARN_64_TO_32_BIT_CONVERSION = YES;
				GCC_WARN_ABOUT_RETURN_TYPE = YES_ERROR;
				GCC_WARN_UNDECLARED_SELECTOR = YES;
				GCC_WARN_UNINITIALIZED_AUTOS = YES_AGGRESSIVE;
				GCC_WARN_UNUSED_FUNCTION = YES;
				GCC_WARN_UNUSED_VARIABLE = YES;
				IPHONEOS_DEPLOYMENT_TARGET = 9.2;
				MTL_ENABLE_DEBUG_INFO = NO;
				SDKROOT = iphoneos;
				VALIDATE_PRODUCT = YES;
			};
			name = Release;
		};
		2EE1803A1CF2EFF700D6EB19 /* Debug */ = {
			isa = XCBuildConfiguration;
			buildSettings = {
				ASSETCATALOG_COMPILER_APPICON_NAME = AppIcon;
				INFOPLIST_FILE = "On The Map/Info.plist";
				LD_RUNPATH_SEARCH_PATHS = "$(inherited) @executable_path/Frameworks";
				PRODUCT_BUNDLE_IDENTIFIER = "com.michaelnienaber.On-The-Map";
				PRODUCT_NAME = "$(TARGET_NAME)";
			};
			name = Debug;
		};
		2EE1803B1CF2EFF700D6EB19 /* Release */ = {
			isa = XCBuildConfiguration;
			buildSettings = {
				ASSETCATALOG_COMPILER_APPICON_NAME = AppIcon;
				INFOPLIST_FILE = "On The Map/Info.plist";
				LD_RUNPATH_SEARCH_PATHS = "$(inherited) @executable_path/Frameworks";
				PRODUCT_BUNDLE_IDENTIFIER = "com.michaelnienaber.On-The-Map";
				PRODUCT_NAME = "$(TARGET_NAME)";
			};
			name = Release;
		};
		2EE1803D1CF2EFF700D6EB19 /* Debug */ = {
			isa = XCBuildConfiguration;
			buildSettings = {
				BUNDLE_LOADER = "$(TEST_HOST)";
				INFOPLIST_FILE = "On The MapTests/Info.plist";
				LD_RUNPATH_SEARCH_PATHS = "$(inherited) @executable_path/Frameworks @loader_path/Frameworks";
				PRODUCT_BUNDLE_IDENTIFIER = "com.michaelnienaber.On-The-MapTests";
				PRODUCT_NAME = "$(TARGET_NAME)";
				TEST_HOST = "$(BUILT_PRODUCTS_DIR)/On The Map.app/On The Map";
			};
			name = Debug;
		};
		2EE1803E1CF2EFF700D6EB19 /* Release */ = {
			isa = XCBuildConfiguration;
			buildSettings = {
				BUNDLE_LOADER = "$(TEST_HOST)";
				INFOPLIST_FILE = "On The MapTests/Info.plist";
				LD_RUNPATH_SEARCH_PATHS = "$(inherited) @executable_path/Frameworks @loader_path/Frameworks";
				PRODUCT_BUNDLE_IDENTIFIER = "com.michaelnienaber.On-The-MapTests";
				PRODUCT_NAME = "$(TARGET_NAME)";
				TEST_HOST = "$(BUILT_PRODUCTS_DIR)/On The Map.app/On The Map";
			};
			name = Release;
		};
		2EE180401CF2EFF700D6EB19 /* Debug */ = {
			isa = XCBuildConfiguration;
			buildSettings = {
				INFOPLIST_FILE = "On The MapUITests/Info.plist";
				LD_RUNPATH_SEARCH_PATHS = "$(inherited) @executable_path/Frameworks @loader_path/Frameworks";
				PRODUCT_BUNDLE_IDENTIFIER = "com.michaelnienaber.On-The-MapUITests";
				PRODUCT_NAME = "$(TARGET_NAME)";
				TEST_TARGET_NAME = "On The Map";
				USES_XCTRUNNER = YES;
			};
			name = Debug;
		};
		2EE180411CF2EFF700D6EB19 /* Release */ = {
			isa = XCBuildConfiguration;
			buildSettings = {
				INFOPLIST_FILE = "On The MapUITests/Info.plist";
				LD_RUNPATH_SEARCH_PATHS = "$(inherited) @executable_path/Frameworks @loader_path/Frameworks";
				PRODUCT_BUNDLE_IDENTIFIER = "com.michaelnienaber.On-The-MapUITests";
				PRODUCT_NAME = "$(TARGET_NAME)";
				TEST_TARGET_NAME = "On The Map";
				USES_XCTRUNNER = YES;
			};
			name = Release;
		};
/* End XCBuildConfiguration section */

/* Begin XCConfigurationList section */
		2EE1800A1CF2EFF700D6EB19 /* Build configuration list for PBXProject "On The Map" */ = {
			isa = XCConfigurationList;
			buildConfigurations = (
				2EE180371CF2EFF700D6EB19 /* Debug */,
				2EE180381CF2EFF700D6EB19 /* Release */,
			);
			defaultConfigurationIsVisible = 0;
			defaultConfigurationName = Release;
		};
		2EE180391CF2EFF700D6EB19 /* Build configuration list for PBXNativeTarget "On The Map" */ = {
			isa = XCConfigurationList;
			buildConfigurations = (
				2EE1803A1CF2EFF700D6EB19 /* Debug */,
				2EE1803B1CF2EFF700D6EB19 /* Release */,
			);
			defaultConfigurationIsVisible = 0;
			defaultConfigurationName = Release;
		};
		2EE1803C1CF2EFF700D6EB19 /* Build configuration list for PBXNativeTarget "On The MapTests" */ = {
			isa = XCConfigurationList;
			buildConfigurations = (
				2EE1803D1CF2EFF700D6EB19 /* Debug */,
				2EE1803E1CF2EFF700D6EB19 /* Release */,
			);
			defaultConfigurationIsVisible = 0;
			defaultConfigurationName = Release;
		};
		2EE1803F1CF2EFF700D6EB19 /* Build configuration list for PBXNativeTarget "On The MapUITests" */ = {
			isa = XCConfigurationList;
			buildConfigurations = (
				2EE180401CF2EFF700D6EB19 /* Debug */,
				2EE180411CF2EFF700D6EB19 /* Release */,
			);
			defaultConfigurationIsVisible = 0;
			defaultConfigurationName = Release;
		};
/* End XCConfigurationList section */
	};
	rootObject = 2EE180071CF2EFF700D6EB19 /* Project object */;
}
