// !$*UTF8*$!
{
	archiveVersion = 1;
	classes = {
	};
	objectVersion = 46;
	objects = {

/* Begin PBXBuildFile section */
		2E240A451D001919004BC3D0 /* Config.swift in Sources */ = {isa = PBXBuildFile; fileRef = 2E240A441D001919004BC3D0 /* Config.swift */; };
		2E2C27EF1D6050E600C6A1E3 /* ListViewController.swift in Sources */ = {isa = PBXBuildFile; fileRef = 2E2C27EE1D6050E600C6A1E3 /* ListViewController.swift */; };
		2E4E8A1E1D5B69C900206E13 /* StudentModel.swift in Sources */ = {isa = PBXBuildFile; fileRef = 2E4E8A1D1D5B69C900206E13 /* StudentModel.swift */; };
		2E97184B1D44901A005AA138 /* GoogleService-Info.plist in Resources */ = {isa = PBXBuildFile; fileRef = 2E97184A1D44901A005AA138 /* GoogleService-Info.plist */; };
		2EA80F211D38D0B700BFC968 /* StudentDetailController.swift in Sources */ = {isa = PBXBuildFile; fileRef = 2EA80F201D38D0B700BFC968 /* StudentDetailController.swift */; };
		2EE180131CF2EFF700D6EB19 /* AppDelegate.swift in Sources */ = {isa = PBXBuildFile; fileRef = 2EE180121CF2EFF700D6EB19 /* AppDelegate.swift */; };
		2EE180151CF2EFF700D6EB19 /* MapViewController.swift in Sources */ = {isa = PBXBuildFile; fileRef = 2EE180141CF2EFF700D6EB19 /* MapViewController.swift */; };
		2EE1801A1CF2EFF700D6EB19 /* Main.storyboard in Resources */ = {isa = PBXBuildFile; fileRef = 2EE180181CF2EFF700D6EB19 /* Main.storyboard */; };
		2EE1801C1CF2EFF700D6EB19 /* Assets.xcassets in Resources */ = {isa = PBXBuildFile; fileRef = 2EE1801B1CF2EFF700D6EB19 /* Assets.xcassets */; };
		2EE1801F1CF2EFF700D6EB19 /* LaunchScreen.storyboard in Resources */ = {isa = PBXBuildFile; fileRef = 2EE1801D1CF2EFF700D6EB19 /* LaunchScreen.storyboard */; };
		2EE1802A1CF2EFF700D6EB19 /* On_The_MapTests.swift in Sources */ = {isa = PBXBuildFile; fileRef = 2EE180291CF2EFF700D6EB19 /* On_The_MapTests.swift */; };
		2EE180351CF2EFF700D6EB19 /* On_The_MapUITests.swift in Sources */ = {isa = PBXBuildFile; fileRef = 2EE180341CF2EFF700D6EB19 /* On_The_MapUITests.swift */; };
		2EE180461CF31B1000D6EB19 /* LocationViewController.swift in Sources */ = {isa = PBXBuildFile; fileRef = 2EE180451CF31B1000D6EB19 /* LocationViewController.swift */; };
		2EE180481CF31CF100D6EB19 /* Constants.swift in Sources */ = {isa = PBXBuildFile; fileRef = 2EE180471CF31CF100D6EB19 /* Constants.swift */; };
		2EE1804A1CF31E2F00D6EB19 /* Client.swift in Sources */ = {isa = PBXBuildFile; fileRef = 2EE180491CF31E2F00D6EB19 /* Client.swift */; };
		2EE1804C1CF326D000D6EB19 /* Convenience.swift in Sources */ = {isa = PBXBuildFile; fileRef = 2EE1804B1CF326D000D6EB19 /* Convenience.swift */; };
		2EE1804E1CF32A0400D6EB19 /* StudentLocation.swift in Sources */ = {isa = PBXBuildFile; fileRef = 2EE1804D1CF32A0400D6EB19 /* StudentLocation.swift */; };
		2EE180531CF5B1CB00D6EB19 /* BlackBox.swift in Sources */ = {isa = PBXBuildFile; fileRef = 2EE180521CF5B1CB00D6EB19 /* BlackBox.swift */; };
		2EE180551CFD81CE00D6EB19 /* LoginViewController.swift in Sources */ = {isa = PBXBuildFile; fileRef = 2EE180541CFD81CE00D6EB19 /* LoginViewController.swift */; };
		9F25D0B796ABBF93D0EFB0D5 /* Pods_On_The_MapTests.framework in Frameworks */ = {isa = PBXBuildFile; fileRef = 5B093B5E892584C6B1BD8085 /* Pods_On_The_MapTests.framework */; };
		AC313AC56706CB1A1F1EA916 /* Pods_On_The_MapUITests.framework in Frameworks */ = {isa = PBXBuildFile; fileRef = CEA5513D04BDE1C50BF5F679 /* Pods_On_The_MapUITests.framework */; };
		C24439BD8942068F42773412 /* Pods_On_The_Map.framework in Frameworks */ = {isa = PBXBuildFile; fileRef = 2AB68C85F6D3825B50552538 /* Pods_On_The_Map.framework */; };
/* End PBXBuildFile section */

/* Begin PBXContainerItemProxy section */
		2EE180261CF2EFF700D6EB19 /* PBXContainerItemProxy */ = {
			isa = PBXContainerItemProxy;
			containerPortal = 2EE180071CF2EFF700D6EB19 /* Project object */;
			proxyType = 1;
			remoteGlobalIDString = 2EE1800E1CF2EFF700D6EB19;
			remoteInfo = "On The Map";
		};
		2EE180311CF2EFF700D6EB19 /* PBXContainerItemProxy */ = {
			isa = PBXContainerItemProxy;
			containerPortal = 2EE180071CF2EFF700D6EB19 /* Project object */;
			proxyType = 1;
			remoteGlobalIDString = 2EE1800E1CF2EFF700D6EB19;
			remoteInfo = "On The Map";
		};
/* End PBXContainerItemProxy section */

/* Begin PBXFileReference section */
		2AB68C85F6D3825B50552538 /* Pods_On_The_Map.framework */ = {isa = PBXFileReference; explicitFileType = wrapper.framework; includeInIndex = 0; path = Pods_On_The_Map.framework; sourceTree = BUILT_PRODUCTS_DIR; };
		2E240A441D001919004BC3D0 /* Config.swift */ = {isa = PBXFileReference; fileEncoding = 4; lastKnownFileType = sourcecode.swift; path = Config.swift; sourceTree = "<group>"; };
		2E2C27EE1D6050E600C6A1E3 /* ListViewController.swift */ = {isa = PBXFileReference; fileEncoding = 4; lastKnownFileType = sourcecode.swift; path = ListViewController.swift; sourceTree = "<group>"; };
		2E4E8A1D1D5B69C900206E13 /* StudentModel.swift */ = {isa = PBXFileReference; fileEncoding = 4; lastKnownFileType = sourcecode.swift; path = StudentModel.swift; sourceTree = "<group>"; };
		2E97184A1D44901A005AA138 /* GoogleService-Info.plist */ = {isa = PBXFileReference; fileEncoding = 4; lastKnownFileType = text.plist.xml; path = "GoogleService-Info.plist"; sourceTree = "<group>"; };
		2EA80F201D38D0B700BFC968 /* StudentDetailController.swift */ = {isa = PBXFileReference; fileEncoding = 4; lastKnownFileType = sourcecode.swift; path = StudentDetailController.swift; sourceTree = "<group>"; };
		2EE1800F1CF2EFF700D6EB19 /* On The Map.app */ = {isa = PBXFileReference; explicitFileType = wrapper.application; includeInIndex = 0; path = "On The Map.app"; sourceTree = BUILT_PRODUCTS_DIR; };
		2EE180121CF2EFF700D6EB19 /* AppDelegate.swift */ = {isa = PBXFileReference; lastKnownFileType = sourcecode.swift; path = AppDelegate.swift; sourceTree = "<group>"; };
		2EE180141CF2EFF700D6EB19 /* MapViewController.swift */ = {isa = PBXFileReference; lastKnownFileType = sourcecode.swift; path = MapViewController.swift; sourceTree = "<group>"; };
		2EE180191CF2EFF700D6EB19 /* Base */ = {isa = PBXFileReference; lastKnownFileType = file.storyboard; name = Base; path = Base.lproj/Main.storyboard; sourceTree = "<group>"; };
		2EE1801B1CF2EFF700D6EB19 /* Assets.xcassets */ = {isa = PBXFileReference; lastKnownFileType = folder.assetcatalog; path = Assets.xcassets; sourceTree = "<group>"; };
		2EE1801E1CF2EFF700D6EB19 /* Base */ = {isa = PBXFileReference; lastKnownFileType = file.storyboard; name = Base; path = Base.lproj/LaunchScreen.storyboard; sourceTree = "<group>"; };
		2EE180201CF2EFF700D6EB19 /* Info.plist */ = {isa = PBXFileReference; lastKnownFileType = text.plist.xml; path = Info.plist; sourceTree = "<group>"; };
		2EE180251CF2EFF700D6EB19 /* On The MapTests.xctest */ = {isa = PBXFileReference; explicitFileType = wrapper.cfbundle; includeInIndex = 0; path = "On The MapTests.xctest"; sourceTree = BUILT_PRODUCTS_DIR; };
		2EE180291CF2EFF700D6EB19 /* On_The_MapTests.swift */ = {isa = PBXFileReference; lastKnownFileType = sourcecode.swift; path = On_The_MapTests.swift; sourceTree = "<group>"; };
		2EE1802B1CF2EFF700D6EB19 /* Info.plist */ = {isa = PBXFileReference; lastKnownFileType = text.plist.xml; path = Info.plist; sourceTree = "<group>"; };
		2EE180301CF2EFF700D6EB19 /* On The MapUITests.xctest */ = {isa = PBXFileReference; explicitFileType = wrapper.cfbundle; includeInIndex = 0; path = "On The MapUITests.xctest"; sourceTree = BUILT_PRODUCTS_DIR; };
		2EE180341CF2EFF700D6EB19 /* On_The_MapUITests.swift */ = {isa = PBXFileReference; lastKnownFileType = sourcecode.swift; path = On_The_MapUITests.swift; sourceTree = "<group>"; };
		2EE180361CF2EFF700D6EB19 /* Info.plist */ = {isa = PBXFileReference; lastKnownFileType = text.plist.xml; path = Info.plist; sourceTree = "<group>"; };
		2EE180451CF31B1000D6EB19 /* LocationViewController.swift */ = {isa = PBXFileReference; fileEncoding = 4; lastKnownFileType = sourcecode.swift; path = LocationViewController.swift; sourceTree = "<group>"; };
		2EE180471CF31CF100D6EB19 /* Constants.swift */ = {isa = PBXFileReference; fileEncoding = 4; lastKnownFileType = sourcecode.swift; path = Constants.swift; sourceTree = "<group>"; };
		2EE180491CF31E2F00D6EB19 /* Client.swift */ = {isa = PBXFileReference; fileEncoding = 4; lastKnownFileType = sourcecode.swift; path = Client.swift; sourceTree = "<group>"; };
		2EE1804B1CF326D000D6EB19 /* Convenience.swift */ = {isa = PBXFileReference; fileEncoding = 4; lastKnownFileType = sourcecode.swift; path = Convenience.swift; sourceTree = "<group>"; };
		2EE1804D1CF32A0400D6EB19 /* StudentLocation.swift */ = {isa = PBXFileReference; fileEncoding = 4; lastKnownFileType = sourcecode.swift; path = StudentLocation.swift; sourceTree = "<group>"; };
		2EE180521CF5B1CB00D6EB19 /* BlackBox.swift */ = {isa = PBXFileReference; fileEncoding = 4; lastKnownFileType = sourcecode.swift; path = BlackBox.swift; sourceTree = "<group>"; };
		2EE180541CFD81CE00D6EB19 /* LoginViewController.swift */ = {isa = PBXFileReference; fileEncoding = 4; lastKnownFileType = sourcecode.swift; path = LoginViewController.swift; sourceTree = "<group>"; };
		5B093B5E892584C6B1BD8085 /* Pods_On_The_MapTests.framework */ = {isa = PBXFileReference; explicitFileType = wrapper.framework; includeInIndex = 0; path = Pods_On_The_MapTests.framework; sourceTree = BUILT_PRODUCTS_DIR; };
		664330FB78F1BA3D3A181956 /* Pods-On The Map.release.xcconfig */ = {isa = PBXFileReference; includeInIndex = 1; lastKnownFileType = text.xcconfig; name = "Pods-On The Map.release.xcconfig"; path = "Pods/Target Support Files/Pods-On The Map/Pods-On The Map.release.xcconfig"; sourceTree = "<group>"; };
		78B041CD362A1B451AA83CAD /* Pods-On The MapTests.debug.xcconfig */ = {isa = PBXFileReference; includeInIndex = 1; lastKnownFileType = text.xcconfig; name = "Pods-On The MapTests.debug.xcconfig"; path = "Pods/Target Support Files/Pods-On The MapTests/Pods-On The MapTests.debug.xcconfig"; sourceTree = "<group>"; };
		849F3497B826E5E5B522EE52 /* Pods-On The MapUITests.debug.xcconfig */ = {isa = PBXFileReference; includeInIndex = 1; lastKnownFileType = text.xcconfig; name = "Pods-On The MapUITests.debug.xcconfig"; path = "Pods/Target Support Files/Pods-On The MapUITests/Pods-On The MapUITests.debug.xcconfig"; sourceTree = "<group>"; };
		A211A40F9CFB10E3FD2F0BC0 /* Pods-On The MapUITests.release.xcconfig */ = {isa = PBXFileReference; includeInIndex = 1; lastKnownFileType = text.xcconfig; name = "Pods-On The MapUITests.release.xcconfig"; path = "Pods/Target Support Files/Pods-On The MapUITests/Pods-On The MapUITests.release.xcconfig"; sourceTree = "<group>"; };
		AA4C52A811212D22CD921F1F /* Pods-On The MapTests.release.xcconfig */ = {isa = PBXFileReference; includeInIndex = 1; lastKnownFileType = text.xcconfig; name = "Pods-On The MapTests.release.xcconfig"; path = "Pods/Target Support Files/Pods-On The MapTests/Pods-On The MapTests.release.xcconfig"; sourceTree = "<group>"; };
		CEA5513D04BDE1C50BF5F679 /* Pods_On_The_MapUITests.framework */ = {isa = PBXFileReference; explicitFileType = wrapper.framework; includeInIndex = 0; path = Pods_On_The_MapUITests.framework; sourceTree = BUILT_PRODUCTS_DIR; };
		DCB1D07167C79477D86CECED /* Pods-On The Map.debug.xcconfig */ = {isa = PBXFileReference; includeInIndex = 1; lastKnownFileType = text.xcconfig; name = "Pods-On The Map.debug.xcconfig"; path = "Pods/Target Support Files/Pods-On The Map/Pods-On The Map.debug.xcconfig"; sourceTree = "<group>"; };
/* End PBXFileReference section */

/* Begin PBXFrameworksBuildPhase section */
		2EE1800C1CF2EFF700D6EB19 /* Frameworks */ = {
			isa = PBXFrameworksBuildPhase;
			buildActionMask = 2147483647;
			files = (
				C24439BD8942068F42773412 /* Pods_On_The_Map.framework in Frameworks */,
			);
			runOnlyForDeploymentPostprocessing = 0;
		};
		2EE180221CF2EFF700D6EB19 /* Frameworks */ = {
			isa = PBXFrameworksBuildPhase;
			buildActionMask = 2147483647;
			files = (
				9F25D0B796ABBF93D0EFB0D5 /* Pods_On_The_MapTests.framework in Frameworks */,
			);
			runOnlyForDeploymentPostprocessing = 0;
		};
		2EE1802D1CF2EFF700D6EB19 /* Frameworks */ = {
			isa = PBXFrameworksBuildPhase;
			buildActionMask = 2147483647;
			files = (
				AC313AC56706CB1A1F1EA916 /* Pods_On_The_MapUITests.framework in Frameworks */,
			);
			runOnlyForDeploymentPostprocessing = 0;
		};
/* End PBXFrameworksBuildPhase section */

/* Begin PBXGroup section */
		2EE180061CF2EFF700D6EB19 = {
			isa = PBXGroup;
			children = (
				2EE180111CF2EFF700D6EB19 /* On The Map */,
				2EE180281CF2EFF700D6EB19 /* On The MapTests */,
				2EE180331CF2EFF700D6EB19 /* On The MapUITests */,
				2EE180101CF2EFF700D6EB19 /* Products */,
				F144F7FF1091A4C8A534E4DB /* Pods */,
				9A4D8D002AA6A47DA8FC9511 /* Frameworks */,
			);
			sourceTree = "<group>";
		};
		2EE180101CF2EFF700D6EB19 /* Products */ = {
			isa = PBXGroup;
			children = (
				2EE1800F1CF2EFF700D6EB19 /* On The Map.app */,
				2EE180251CF2EFF700D6EB19 /* On The MapTests.xctest */,
				2EE180301CF2EFF700D6EB19 /* On The MapUITests.xctest */,
			);
			name = Products;
			sourceTree = "<group>";
		};
		2EE180111CF2EFF700D6EB19 /* On The Map */ = {
			isa = PBXGroup;
			children = (
				2EE180441CF30A7000D6EB19 /* Control */,
				2EE180431CF30A6500D6EB19 /* Model */,
				2EE180121CF2EFF700D6EB19 /* AppDelegate.swift */,
				2EE180421CF30A5200D6EB19 /* View */,
				2EE180181CF2EFF700D6EB19 /* Main.storyboard */,
				2EE1801B1CF2EFF700D6EB19 /* Assets.xcassets */,
				2EE1801D1CF2EFF700D6EB19 /* LaunchScreen.storyboard */,
				2EE180201CF2EFF700D6EB19 /* Info.plist */,
				2E97184A1D44901A005AA138 /* GoogleService-Info.plist */,
			);
			path = "On The Map";
			sourceTree = "<group>";
		};
		2EE180281CF2EFF700D6EB19 /* On The MapTests */ = {
			isa = PBXGroup;
			children = (
				2EE180291CF2EFF700D6EB19 /* On_The_MapTests.swift */,
				2EE1802B1CF2EFF700D6EB19 /* Info.plist */,
			);
			path = "On The MapTests";
			sourceTree = "<group>";
		};
		2EE180331CF2EFF700D6EB19 /* On The MapUITests */ = {
			isa = PBXGroup;
			children = (
				2EE180341CF2EFF700D6EB19 /* On_The_MapUITests.swift */,
				2EE180361CF2EFF700D6EB19 /* Info.plist */,
			);
			path = "On The MapUITests";
			sourceTree = "<group>";
		};
		2EE180421CF30A5200D6EB19 /* View */ = {
			isa = PBXGroup;
			children = (
				2EE180541CFD81CE00D6EB19 /* LoginViewController.swift */,
				2EE180141CF2EFF700D6EB19 /* MapViewController.swift */,
				2E2C27EE1D6050E600C6A1E3 /* ListViewController.swift */,
				2EE180451CF31B1000D6EB19 /* LocationViewController.swift */,
				2EA80F201D38D0B700BFC968 /* StudentDetailController.swift */,
			);
			name = View;
			sourceTree = "<group>";
		};
		2EE180431CF30A6500D6EB19 /* Model */ = {
			isa = PBXGroup;
			children = (
				2EE180491CF31E2F00D6EB19 /* Client.swift */,
				2EE180471CF31CF100D6EB19 /* Constants.swift */,
				2EE1804D1CF32A0400D6EB19 /* StudentLocation.swift */,
				2E4E8A1D1D5B69C900206E13 /* StudentModel.swift */,
				2EE180521CF5B1CB00D6EB19 /* BlackBox.swift */,
				2E240A441D001919004BC3D0 /* Config.swift */,
			);
			name = Model;
			sourceTree = "<group>";
		};
		2EE180441CF30A7000D6EB19 /* Control */ = {
			isa = PBXGroup;
			children = (
				2EE1804B1CF326D000D6EB19 /* Convenience.swift */,
			);
			name = Control;
			sourceTree = "<group>";
		};
		9A4D8D002AA6A47DA8FC9511 /* Frameworks */ = {
			isa = PBXGroup;
			children = (
				2AB68C85F6D3825B50552538 /* Pods_On_The_Map.framework */,
				5B093B5E892584C6B1BD8085 /* Pods_On_The_MapTests.framework */,
				CEA5513D04BDE1C50BF5F679 /* Pods_On_The_MapUITests.framework */,
			);
			name = Frameworks;
			sourceTree = "<group>";
		};
		F144F7FF1091A4C8A534E4DB /* Pods */ = {
			isa = PBXGroup;
			children = (
				DCB1D07167C79477D86CECED /* Pods-On The Map.debug.xcconfig */,
				664330FB78F1BA3D3A181956 /* Pods-On The Map.release.xcconfig */,
				78B041CD362A1B451AA83CAD /* Pods-On The MapTests.debug.xcconfig */,
				AA4C52A811212D22CD921F1F /* Pods-On The MapTests.release.xcconfig */,
				849F3497B826E5E5B522EE52 /* Pods-On The MapUITests.debug.xcconfig */,
				A211A40F9CFB10E3FD2F0BC0 /* Pods-On The MapUITests.release.xcconfig */,
			);
			name = Pods;
			sourceTree = "<group>";
		};
/* End PBXGroup section */

/* Begin PBXNativeTarget section */
		2EE1800E1CF2EFF700D6EB19 /* On The Map */ = {
			isa = PBXNativeTarget;
			buildConfigurationList = 2EE180391CF2EFF700D6EB19 /* Build configuration list for PBXNativeTarget "On The Map" */;
			buildPhases = (
				F654AEB8C1A83FC2DB2951C9 /* 📦 Check Pods Manifest.lock */,
				2EE1800B1CF2EFF700D6EB19 /* Sources */,
				2EE1800C1CF2EFF700D6EB19 /* Frameworks */,
				2EE1800D1CF2EFF700D6EB19 /* Resources */,
				FA85A3437DC4A8B0F529D701 /* 📦 Embed Pods Frameworks */,
				C5A71A06F445D75A9078E0FB /* 📦 Copy Pods Resources */,
			);
			buildRules = (
			);
			dependencies = (
			);
			name = "On The Map";
			productName = "On The Map";
			productReference = 2EE1800F1CF2EFF700D6EB19 /* On The Map.app */;
			productType = "com.apple.product-type.application";
		};
		2EE180241CF2EFF700D6EB19 /* On The MapTests */ = {
			isa = PBXNativeTarget;
			buildConfigurationList = 2EE1803C1CF2EFF700D6EB19 /* Build configuration list for PBXNativeTarget "On The MapTests" */;
			buildPhases = (
				4140DB34197838402EFD7DAC /* 📦 Check Pods Manifest.lock */,
				2EE180211CF2EFF700D6EB19 /* Sources */,
				2EE180221CF2EFF700D6EB19 /* Frameworks */,
				2EE180231CF2EFF700D6EB19 /* Resources */,
				ABF97E9E4061A1BFFF72F045 /* 📦 Embed Pods Frameworks */,
				C1E4F48F7F43C53528F6C699 /* 📦 Copy Pods Resources */,
			);
			buildRules = (
			);
			dependencies = (
				2EE180271CF2EFF700D6EB19 /* PBXTargetDependency */,
			);
			name = "On The MapTests";
			productName = "On The MapTests";
			productReference = 2EE180251CF2EFF700D6EB19 /* On The MapTests.xctest */;
			productType = "com.apple.product-type.bundle.unit-test";
		};
		2EE1802F1CF2EFF700D6EB19 /* On The MapUITests */ = {
			isa = PBXNativeTarget;
			buildConfigurationList = 2EE1803F1CF2EFF700D6EB19 /* Build configuration list for PBXNativeTarget "On The MapUITests" */;
			buildPhases = (
				58FFCE868258FFE67FC2A7A8 /* 📦 Check Pods Manifest.lock */,
				2EE1802C1CF2EFF700D6EB19 /* Sources */,
				2EE1802D1CF2EFF700D6EB19 /* Frameworks */,
				2EE1802E1CF2EFF700D6EB19 /* Resources */,
				3EAC6BBB0CA972DBDA50E2DD /* 📦 Copy Pods Resources */,
			);
			buildRules = (
			);
			dependencies = (
				2EE180321CF2EFF700D6EB19 /* PBXTargetDependency */,
			);
			name = "On The MapUITests";
			productName = "On The MapUITests";
			productReference = 2EE180301CF2EFF700D6EB19 /* On The MapUITests.xctest */;
			productType = "com.apple.product-type.bundle.ui-testing";
		};
/* End PBXNativeTarget section */

/* Begin PBXProject section */
		2EE180071CF2EFF700D6EB19 /* Project object */ = {
			isa = PBXProject;
			attributes = {
				LastSwiftUpdateCheck = 0720;
				LastUpgradeCheck = 0720;
				ORGANIZATIONNAME = "Michael Nienaber";
				TargetAttributes = {
					2EE1800E1CF2EFF700D6EB19 = {
						CreatedOnToolsVersion = 7.2;
						DevelopmentTeam = ZXKDF4ZF72;
					};
					2EE180241CF2EFF700D6EB19 = {
						CreatedOnToolsVersion = 7.2;
						TestTargetID = 2EE1800E1CF2EFF700D6EB19;
					};
					2EE1802F1CF2EFF700D6EB19 = {
						CreatedOnToolsVersion = 7.2;
						TestTargetID = 2EE1800E1CF2EFF700D6EB19;
					};
				};
			};
			buildConfigurationList = 2EE1800A1CF2EFF700D6EB19 /* Build configuration list for PBXProject "On The Map" */;
			compatibilityVersion = "Xcode 3.2";
			developmentRegion = English;
			hasScannedForEncodings = 0;
			knownRegions = (
				en,
				Base,
			);
			mainGroup = 2EE180061CF2EFF700D6EB19;
			productRefGroup = 2EE180101CF2EFF700D6EB19 /* Products */;
			projectDirPath = "";
			projectRoot = "";
			targets = (
				2EE1800E1CF2EFF700D6EB19 /* On The Map */,
				2EE180241CF2EFF700D6EB19 /* On The MapTests */,
				2EE1802F1CF2EFF700D6EB19 /* On The MapUITests */,
			);
		};
/* End PBXProject section */

/* Begin PBXResourcesBuildPhase section */
		2EE1800D1CF2EFF700D6EB19 /* Resources */ = {
			isa = PBXResourcesBuildPhase;
			buildActionMask = 2147483647;
			files = (
				2E97184B1D44901A005AA138 /* GoogleService-Info.plist in Resources */,
				2EE1801F1CF2EFF700D6EB19 /* LaunchScreen.storyboard in Resources */,
				2EE1801C1CF2EFF700D6EB19 /* Assets.xcassets in Resources */,
				2EE1801A1CF2EFF700D6EB19 /* Main.storyboard in Resources */,
			);
			runOnlyForDeploymentPostprocessing = 0;
		};
		2EE180231CF2EFF700D6EB19 /* Resources */ = {
			isa = PBXResourcesBuildPhase;
			buildActionMask = 2147483647;
			files = (
			);
			runOnlyForDeploymentPostprocessing = 0;
		};
		2EE1802E1CF2EFF700D6EB19 /* Resources */ = {
			isa = PBXResourcesBuildPhase;
			buildActionMask = 2147483647;
			files = (
			);
			runOnlyForDeploymentPostprocessing = 0;
		};
/* End PBXResourcesBuildPhase section */

/* Begin PBXShellScriptBuildPhase section */
		3EAC6BBB0CA972DBDA50E2DD /* 📦 Copy Pods Resources */ = {
			isa = PBXShellScriptBuildPhase;
			buildActionMask = 2147483647;
			files = (
			);
			inputPaths = (
			);
			name = "📦 Copy Pods Resources";
			outputPaths = (
			);
			runOnlyForDeploymentPostprocessing = 0;
			shellPath = /bin/sh;
			shellScript = "\"${SRCROOT}/Pods/Target Support Files/Pods-On The MapUITests/Pods-On The MapUITests-resources.sh\"\n";
			showEnvVarsInLog = 0;
		};
		4140DB34197838402EFD7DAC /* 📦 Check Pods Manifest.lock */ = {
			isa = PBXShellScriptBuildPhase;
			buildActionMask = 2147483647;
			files = (
			);
			inputPaths = (
			);
			name = "📦 Check Pods Manifest.lock";
			outputPaths = (
			);
			runOnlyForDeploymentPostprocessing = 0;
			shellPath = /bin/sh;
			shellScript = "diff \"${PODS_ROOT}/../Podfile.lock\" \"${PODS_ROOT}/Manifest.lock\" > /dev/null\nif [[ $? != 0 ]] ; then\n    cat << EOM\nerror: The sandbox is not in sync with the Podfile.lock. Run 'pod install' or update your CocoaPods installation.\nEOM\n    exit 1\nfi\n";
			showEnvVarsInLog = 0;
		};
		58FFCE868258FFE67FC2A7A8 /* 📦 Check Pods Manifest.lock */ = {
			isa = PBXShellScriptBuildPhase;
			buildActionMask = 2147483647;
			files = (
			);
			inputPaths = (
			);
			name = "📦 Check Pods Manifest.lock";
			outputPaths = (
			);
			runOnlyForDeploymentPostprocessing = 0;
			shellPath = /bin/sh;
			shellScript = "diff \"${PODS_ROOT}/../Podfile.lock\" \"${PODS_ROOT}/Manifest.lock\" > /dev/null\nif [[ $? != 0 ]] ; then\n    cat << EOM\nerror: The sandbox is not in sync with the Podfile.lock. Run 'pod install' or update your CocoaPods installation.\nEOM\n    exit 1\nfi\n";
			showEnvVarsInLog = 0;
		};
		ABF97E9E4061A1BFFF72F045 /* 📦 Embed Pods Frameworks */ = {
			isa = PBXShellScriptBuildPhase;
			buildActionMask = 2147483647;
			files = (
			);
			inputPaths = (
			);
			name = "📦 Embed Pods Frameworks";
			outputPaths = (
			);
			runOnlyForDeploymentPostprocessing = 0;
			shellPath = /bin/sh;
			shellScript = "\"${SRCROOT}/Pods/Target Support Files/Pods-On The MapTests/Pods-On The MapTests-frameworks.sh\"\n";
			showEnvVarsInLog = 0;
		};
		C1E4F48F7F43C53528F6C699 /* 📦 Copy Pods Resources */ = {
			isa = PBXShellScriptBuildPhase;
			buildActionMask = 2147483647;
			files = (
			);
			inputPaths = (
			);
			name = "📦 Copy Pods Resources";
			outputPaths = (
			);
			runOnlyForDeploymentPostprocessing = 0;
			shellPath = /bin/sh;
			shellScript = "\"${SRCROOT}/Pods/Target Support Files/Pods-On The MapTests/Pods-On The MapTests-resources.sh\"\n";
			showEnvVarsInLog = 0;
		};
		C5A71A06F445D75A9078E0FB /* 📦 Copy Pods Resources */ = {
			isa = PBXShellScriptBuildPhase;
			buildActionMask = 2147483647;
			files = (
			);
			inputPaths = (
			);
			name = "📦 Copy Pods Resources";
			outputPaths = (
			);
			runOnlyForDeploymentPostprocessing = 0;
			shellPath = /bin/sh;
			shellScript = "\"${SRCROOT}/Pods/Target Support Files/Pods-On The Map/Pods-On The Map-resources.sh\"\n";
			showEnvVarsInLog = 0;
		};
		F654AEB8C1A83FC2DB2951C9 /* 📦 Check Pods Manifest.lock */ = {
			isa = PBXShellScriptBuildPhase;
			buildActionMask = 2147483647;
			files = (
			);
			inputPaths = (
			);
			name = "📦 Check Pods Manifest.lock";
			outputPaths = (
			);
			runOnlyForDeploymentPostprocessing = 0;
			shellPath = /bin/sh;
			shellScript = "diff \"${PODS_ROOT}/../Podfile.lock\" \"${PODS_ROOT}/Manifest.lock\" > /dev/null\nif [[ $? != 0 ]] ; then\n    cat << EOM\nerror: The sandbox is not in sync with the Podfile.lock. Run 'pod install' or update your CocoaPods installation.\nEOM\n    exit 1\nfi\n";
			showEnvVarsInLog = 0;
		};
		FA85A3437DC4A8B0F529D701 /* 📦 Embed Pods Frameworks */ = {
			isa = PBXShellScriptBuildPhase;
			buildActionMask = 2147483647;
			files = (
			);
			inputPaths = (
			);
			name = "📦 Embed Pods Frameworks";
			outputPaths = (
			);
			runOnlyForDeploymentPostprocessing = 0;
			shellPath = /bin/sh;
			shellScript = "\"${SRCROOT}/Pods/Target Support Files/Pods-On The Map/Pods-On The Map-frameworks.sh\"\n";
			showEnvVarsInLog = 0;
		};
/* End PBXShellScriptBuildPhase section */

/* Begin PBXSourcesBuildPhase section */
		2EE1800B1CF2EFF700D6EB19 /* Sources */ = {
			isa = PBXSourcesBuildPhase;
			buildActionMask = 2147483647;
			files = (
				2EE1804E1CF32A0400D6EB19 /* StudentLocation.swift in Sources */,
				2EE180481CF31CF100D6EB19 /* Constants.swift in Sources */,
				2E4E8A1E1D5B69C900206E13 /* StudentModel.swift in Sources */,
				2EE1804A1CF31E2F00D6EB19 /* Client.swift in Sources */,
				2E240A451D001919004BC3D0 /* Config.swift in Sources */,
				2EE1804C1CF326D000D6EB19 /* Convenience.swift in Sources */,
				2EA80F211D38D0B700BFC968 /* StudentDetailController.swift in Sources */,
				2EE180531CF5B1CB00D6EB19 /* BlackBox.swift in Sources */,
				2EE180131CF2EFF700D6EB19 /* AppDelegate.swift in Sources */,
				2EE180151CF2EFF700D6EB19 /* MapViewController.swift in Sources */,
				2EE180551CFD81CE00D6EB19 /* LoginViewController.swift in Sources */,
				2E2C27EF1D6050E600C6A1E3 /* ListViewController.swift in Sources */,
				2EE180461CF31B1000D6EB19 /* LocationViewController.swift in Sources */,
			);
			runOnlyForDeploymentPostprocessing = 0;
		};
		2EE180211CF2EFF700D6EB19 /* Sources */ = {
			isa = PBXSourcesBuildPhase;
			buildActionMask = 2147483647;
			files = (
				2EE1802A1CF2EFF700D6EB19 /* On_The_MapTests.swift in Sources */,
			);
			runOnlyForDeploymentPostprocessing = 0;
		};
		2EE1802C1CF2EFF700D6EB19 /* Sources */ = {
			isa = PBXSourcesBuildPhase;
			buildActionMask = 2147483647;
			files = (
				2EE180351CF2EFF700D6EB19 /* On_The_MapUITests.swift in Sources */,
			);
			runOnlyForDeploymentPostprocessing = 0;
		};
/* End PBXSourcesBuildPhase section */

/* Begin PBXTargetDependency section */
		2EE180271CF2EFF700D6EB19 /* PBXTargetDependency */ = {
			isa = PBXTargetDependency;
			target = 2EE1800E1CF2EFF700D6EB19 /* On The Map */;
			targetProxy = 2EE180261CF2EFF700D6EB19 /* PBXContainerItemProxy */;
		};
		2EE180321CF2EFF700D6EB19 /* PBXTargetDependency */ = {
			isa = PBXTargetDependency;
			target = 2EE1800E1CF2EFF700D6EB19 /* On The Map */;
			targetProxy = 2EE180311CF2EFF700D6EB19 /* PBXContainerItemProxy */;
		};
/* End PBXTargetDependency section */

/* Begin PBXVariantGroup section */
		2EE180181CF2EFF700D6EB19 /* Main.storyboard */ = {
			isa = PBXVariantGroup;
			children = (
				2EE180191CF2EFF700D6EB19 /* Base */,
			);
			name = Main.storyboard;
			sourceTree = "<group>";
		};
		2EE1801D1CF2EFF700D6EB19 /* LaunchScreen.storyboard */ = {
			isa = PBXVariantGroup;
			children = (
				2EE1801E1CF2EFF700D6EB19 /* Base */,
			);
			name = LaunchScreen.storyboard;
			sourceTree = "<group>";
		};
/* End PBXVariantGroup section */

/* Begin XCBuildConfiguration section */
		2EE180371CF2EFF700D6EB19 /* Debug */ = {
			isa = XCBuildConfiguration;
			buildSettings = {
				ALWAYS_SEARCH_USER_PATHS = NO;
				CLANG_CXX_LANGUAGE_STANDARD = "gnu++0x";
				CLANG_CXX_LIBRARY = "libc++";
				CLANG_ENABLE_MODULES = YES;
				CLANG_ENABLE_OBJC_ARC = YES;
				CLANG_WARN_BOOL_CONVERSION = YES;
				CLANG_WARN_CONSTANT_CONVERSION = YES;
				CLANG_WARN_DIRECT_OBJC_ISA_USAGE = YES_ERROR;
				CLANG_WARN_EMPTY_BODY = YES;
				CLANG_WARN_ENUM_CONVERSION = YES;
				CLANG_WARN_INT_CONVERSION = YES;
				CLANG_WARN_OBJC_ROOT_CLASS = YES_ERROR;
				CLANG_WARN_UNREACHABLE_CODE = YES;
				CLANG_WARN__DUPLICATE_METHOD_MATCH = YES;
				"CODE_SIGN_IDENTITY[sdk=iphoneos*]" = "iPhone Developer";
				COPY_PHASE_STRIP = NO;
				DEBUG_INFORMATION_FORMAT = dwarf;
				ENABLE_STRICT_OBJC_MSGSEND = YES;
				ENABLE_TESTABILITY = YES;
				GCC_C_LANGUAGE_STANDARD = gnu99;
				GCC_DYNAMIC_NO_PIC = NO;
				GCC_NO_COMMON_BLOCKS = YES;
				GCC_OPTIMIZATION_LEVEL = 0;
				GCC_PREPROCESSOR_DEFINITIONS = (
					"DEBUG=1",
					"$(inherited)",
				);
				GCC_WARN_64_TO_32_BIT_CONVERSION = YES;
				GCC_WARN_ABOUT_RETURN_TYPE = YES_ERROR;
				GCC_WARN_UNDECLARED_SELECTOR = YES;
				GCC_WARN_UNINITIALIZED_AUTOS = YES_AGGRESSIVE;
				GCC_WARN_UNUSED_FUNCTION = YES;
				GCC_WARN_UNUSED_VARIABLE = YES;
				IPHONEOS_DEPLOYMENT_TARGET = 9.2;
				MTL_ENABLE_DEBUG_INFO = YES;
				ONLY_ACTIVE_ARCH = YES;
				SDKROOT = iphoneos;
				SWIFT_OPTIMIZATION_LEVEL = "-Onone";
			};
			name = Debug;
		};
		2EE180381CF2EFF700D6EB19 /* Release */ = {
			isa = XCBuildConfiguration;
			buildSettings = {
				ALWAYS_SEARCH_USER_PATHS = NO;
				CLANG_CXX_LANGUAGE_STANDARD = "gnu++0x";
				CLANG_CXX_LIBRARY = "libc++";
				CLANG_ENABLE_MODULES = YES;
				CLANG_ENABLE_OBJC_ARC = YES;
				CLANG_WARN_BOOL_CONVERSION = YES;
				CLANG_WARN_CONSTANT_CONVERSION = YES;
				CLANG_WARN_DIRECT_OBJC_ISA_USAGE = YES_ERROR;
				CLANG_WARN_EMPTY_BODY = YES;
				CLANG_WARN_ENUM_CONVERSION = YES;
				CLANG_WARN_INT_CONVERSION = YES;
				CLANG_WARN_OBJC_ROOT_CLASS = YES_ERROR;
				CLANG_WARN_UNREACHABLE_CODE = YES;
				CLANG_WARN__DUPLICATE_METHOD_MATCH = YES;
				"CODE_SIGN_IDENTITY[sdk=iphoneos*]" = "iPhone Developer";
				COPY_PHASE_STRIP = NO;
				DEBUG_INFORMATION_FORMAT = "dwarf-with-dsym";
				ENABLE_NS_ASSERTIONS = NO;
				ENABLE_STRICT_OBJC_MSGSEND = YES;
				GCC_C_LANGUAGE_STANDARD = gnu99;
				GCC_NO_COMMON_BLOCKS = YES;
				GCC_WARN_64_TO_32_BIT_CONVERSION = YES;
				GCC_WARN_ABOUT_RETURN_TYPE = YES_ERROR;
				GCC_WARN_UNDECLARED_SELECTOR = YES;
				GCC_WARN_UNINITIALIZED_AUTOS = YES_AGGRESSIVE;
				GCC_WARN_UNUSED_FUNCTION = YES;
				GCC_WARN_UNUSED_VARIABLE = YES;
				IPHONEOS_DEPLOYMENT_TARGET = 9.2;
				MTL_ENABLE_DEBUG_INFO = NO;
				SDKROOT = iphoneos;
				VALIDATE_PRODUCT = YES;
			};
			name = Release;
		};
		2EE1803A1CF2EFF700D6EB19 /* Debug */ = {
			isa = XCBuildConfiguration;
			baseConfigurationReference = DCB1D07167C79477D86CECED /* Pods-On The Map.debug.xcconfig */;
			buildSettings = {
				ASSETCATALOG_COMPILER_APPICON_NAME = AppIcon;
				CODE_SIGN_IDENTITY = "iPhone Developer";
				INFOPLIST_FILE = "On The Map/Info.plist";
				LD_RUNPATH_SEARCH_PATHS = "$(inherited) @executable_path/Frameworks";
				PRODUCT_BUNDLE_IDENTIFIER = "com.michaelnienaber.On-The-Map";
				PRODUCT_NAME = "$(TARGET_NAME)";
			};
			name = Debug;
		};
		2EE1803B1CF2EFF700D6EB19 /* Release */ = {
			isa = XCBuildConfiguration;
			baseConfigurationReference = 664330FB78F1BA3D3A181956 /* Pods-On The Map.release.xcconfig */;
			buildSettings = {
				ASSETCATALOG_COMPILER_APPICON_NAME = AppIcon;
				CODE_SIGN_IDENTITY = "iPhone Developer";
				INFOPLIST_FILE = "On The Map/Info.plist";
				LD_RUNPATH_SEARCH_PATHS = "$(inherited) @executable_path/Frameworks";
				PRODUCT_BUNDLE_IDENTIFIER = "com.michaelnienaber.On-The-Map";
				PRODUCT_NAME = "$(TARGET_NAME)";
			};
			name = Release;
		};
		2EE1803D1CF2EFF700D6EB19 /* Debug */ = {
			isa = XCBuildConfiguration;
			baseConfigurationReference = 78B041CD362A1B451AA83CAD /* Pods-On The MapTests.debug.xcconfig */;
			buildSettings = {
				BUNDLE_LOADER = "$(TEST_HOST)";
				INFOPLIST_FILE = "On The MapTests/Info.plist";
				LD_RUNPATH_SEARCH_PATHS = "$(inherited) @executable_path/Frameworks @loader_path/Frameworks";
				PRODUCT_BUNDLE_IDENTIFIER = "com.michaelnienaber.On-The-MapTests";
				PRODUCT_NAME = "$(TARGET_NAME)";
				TEST_HOST = "$(BUILT_PRODUCTS_DIR)/On The Map.app/On The Map";
			};
			name = Debug;
		};
		2EE1803E1CF2EFF700D6EB19 /* Release */ = {
			isa = XCBuildConfiguration;
			baseConfigurationReference = AA4C52A811212D22CD921F1F /* Pods-On The MapTests.release.xcconfig */;
			buildSettings = {
				BUNDLE_LOADER = "$(TEST_HOST)";
				INFOPLIST_FILE = "On The MapTests/Info.plist";
				LD_RUNPATH_SEARCH_PATHS = "$(inherited) @executable_path/Frameworks @loader_path/Frameworks";
				PRODUCT_BUNDLE_IDENTIFIER = "com.michaelnienaber.On-The-MapTests";
				PRODUCT_NAME = "$(TARGET_NAME)";
				TEST_HOST = "$(BUILT_PRODUCTS_DIR)/On The Map.app/On The Map";
			};
			name = Release;
		};
		2EE180401CF2EFF700D6EB19 /* Debug */ = {
			isa = XCBuildConfiguration;
			baseConfigurationReference = 849F3497B826E5E5B522EE52 /* Pods-On The MapUITests.debug.xcconfig */;
			buildSettings = {
				INFOPLIST_FILE = "On The MapUITests/Info.plist";
				LD_RUNPATH_SEARCH_PATHS = "$(inherited) @executable_path/Frameworks @loader_path/Frameworks";
				PRODUCT_BUNDLE_IDENTIFIER = "com.michaelnienaber.On-The-MapUITests";
				PRODUCT_NAME = "$(TARGET_NAME)";
				TEST_TARGET_NAME = "On The Map";
				USES_XCTRUNNER = YES;
			};
			name = Debug;
		};
		2EE180411CF2EFF700D6EB19 /* Release */ = {
			isa = XCBuildConfiguration;
			baseConfigurationReference = A211A40F9CFB10E3FD2F0BC0 /* Pods-On The MapUITests.release.xcconfig */;
			buildSettings = {
				INFOPLIST_FILE = "On The MapUITests/Info.plist";
				LD_RUNPATH_SEARCH_PATHS = "$(inherited) @executable_path/Frameworks @loader_path/Frameworks";
				PRODUCT_BUNDLE_IDENTIFIER = "com.michaelnienaber.On-The-MapUITests";
				PRODUCT_NAME = "$(TARGET_NAME)";
				TEST_TARGET_NAME = "On The Map";
				USES_XCTRUNNER = YES;
			};
			name = Release;
		};
/* End XCBuildConfiguration section */

/* Begin XCConfigurationList section */
		2EE1800A1CF2EFF700D6EB19 /* Build configuration list for PBXProject "On The Map" */ = {
			isa = XCConfigurationList;
			buildConfigurations = (
				2EE180371CF2EFF700D6EB19 /* Debug */,
				2EE180381CF2EFF700D6EB19 /* Release */,
			);
			defaultConfigurationIsVisible = 0;
			defaultConfigurationName = Release;
		};
		2EE180391CF2EFF700D6EB19 /* Build configuration list for PBXNativeTarget "On The Map" */ = {
			isa = XCConfigurationList;
			buildConfigurations = (
				2EE1803A1CF2EFF700D6EB19 /* Debug */,
				2EE1803B1CF2EFF700D6EB19 /* Release */,
			);
			defaultConfigurationIsVisible = 0;
			defaultConfigurationName = Release;
		};
		2EE1803C1CF2EFF700D6EB19 /* Build configuration list for PBXNativeTarget "On The MapTests" */ = {
			isa = XCConfigurationList;
			buildConfigurations = (
				2EE1803D1CF2EFF700D6EB19 /* Debug */,
				2EE1803E1CF2EFF700D6EB19 /* Release */,
			);
			defaultConfigurationIsVisible = 0;
			defaultConfigurationName = Release;
		};
		2EE1803F1CF2EFF700D6EB19 /* Build configuration list for PBXNativeTarget "On The MapUITests" */ = {
			isa = XCConfigurationList;
			buildConfigurations = (
				2EE180401CF2EFF700D6EB19 /* Debug */,
				2EE180411CF2EFF700D6EB19 /* Release */,
			);
			defaultConfigurationIsVisible = 0;
			defaultConfigurationName = Release;
		};
/* End XCConfigurationList section */
	};
	rootObject = 2EE180071CF2EFF700D6EB19 /* Project object */;
}
